
Microsoft Visual Studio Solution File, Format Version 12.00
# Visual Studio 15
VisualStudioVersion = 15.0.27130.2036
MinimumVisualStudioVersion = 10.0.40219.1
Project("{E24C65DC-7377-472B-9ABA-BC803B73C61A}") = "TemplateWebProject", "TemplateWebProject\", "{D668D0A3-3027-4D77-BF7B-2442CCC97DD0}"
	ProjectSection(WebsiteProperties) = preProject
		TargetFrameworkMoniker = ".NETFramework,Version%3Dv4.6.1"
		Debug.AspNetCompiler.VirtualPath = "/localhost_49334"
		Debug.AspNetCompiler.PhysicalPath = "TemplateWebProject\"
		Debug.AspNetCompiler.TargetPath = "PrecompiledWeb\localhost_49334\"
		Debug.AspNetCompiler.Updateable = "true"
		Debug.AspNetCompiler.ForceOverwrite = "true"
		Debug.AspNetCompiler.FixedNames = "false"
		Debug.AspNetCompiler.Debug = "True"
		Release.AspNetCompiler.VirtualPath = "/localhost_49334"
		Release.AspNetCompiler.PhysicalPath = "TemplateWebProject\"
		Release.AspNetCompiler.TargetPath = "PrecompiledWeb\localhost_49334\"
		Release.AspNetCompiler.Updateable = "true"
		Release.AspNetCompiler.ForceOverwrite = "true"
		Release.AspNetCompiler.FixedNames = "false"
		Release.AspNetCompiler.Debug = "False"
		VWDPort = "49334"
		SlnRelativePath = "TemplateWebProject\"
		DefaultWebSiteLanguage = "Visual C#"
	EndProjectSection
EndProject
Global
	GlobalSection(SolutionConfigurationPlatforms) = preSolution
		Debug|Any CPU = Debug|Any CPU
	EndGlobalSection
	GlobalSection(ProjectConfigurationPlatforms) = postSolution
		{D668D0A3-3027-4D77-BF7B-2442CCC97DD0}.Debug|Any CPU.ActiveCfg = Debug|Any CPU
		{D668D0A3-3027-4D77-BF7B-2442CCC97DD0}.Debug|Any CPU.Build.0 = Debug|Any CPU
	EndGlobalSection
	GlobalSection(SolutionProperties) = preSolution
		HideSolutionNode = FALSE
	EndGlobalSection
	GlobalSection(ExtensibilityGlobals) = postSolution
		SolutionGuid = {317FB39D-9696-4DFE-AAC4-8CB0B7C8706E}
	EndGlobalSection
EndGlobal
